
Microsoft Visual Studio Solution File, Format Version 12.00
# Visual Studio Version 16
VisualStudioVersion = 16.0.28714.193
MinimumVisualStudioVersion = 10.0.40219.1
Project("{8BC9CEB8-8B4A-11D0-8D11-00A0C91BC942}") = "Hanoi", "Hanoi.vcxproj", "{25F38046-C31A-45F8-B157-BBF7CF8D34DB}"
EndProject
Global
	GlobalSection(SolutionConfigurationPlatforms) = preSolution
		Debug|x64 = Debug|x64
		Debug|x86 = Debug|x86
		Release|x64 = Release|x64
		Release|x86 = Release|x86
	EndGlobalSection
	GlobalSection(ProjectConfigurationPlatforms) = postSolution
		{25F38046-C31A-45F8-B157-BBF7CF8D34DB}.Debug|x64.ActiveCfg = Debug|x64
		{25F38046-C31A-45F8-B157-BBF7CF8D34DB}.Debug|x64.Build.0 = Debug|x64
		{25F38046-C31A-45F8-B157-BBF7CF8D34DB}.Debug|x86.ActiveCfg = Debug|Win32
		{25F38046-C31A-45F8-B157-BBF7CF8D34DB}.Debug|x86.Build.0 = Debug|Win32
		{25F38046-C31A-45F8-B157-BBF7CF8D34DB}.Release|x64.ActiveCfg = Release|x64
		{25F38046-C31A-45F8-B157-BBF7CF8D34DB}.Release|x64.Build.0 = Release|x64
		{25F38046-C31A-45F8-B157-BBF7CF8D34DB}.Release|x86.ActiveCfg = Release|Win32
		{25F38046-C31A-45F8-B157-BBF7CF8D34DB}.Release|x86.Build.0 = Release|Win32
	EndGlobalSection
	GlobalSection(SolutionProperties) = preSolution
		HideSolutionNode = FALSE
	EndGlobalSection
	GlobalSection(ExtensibilityGlobals) = postSolution
		SolutionGuid = {BE1574B1-5FC3-46D5-8FAB-96E04D97DC20}
	EndGlobalSection
EndGlobal
