
Microsoft Visual Studio Solution File, Format Version 12.00
# Visual Studio Version 16
VisualStudioVersion = 16.0.29025.244
MinimumVisualStudioVersion = 10.0.40219.1
Project("{8BC9CEB8-8B4A-11D0-8D11-00A0C91BC942}") = "100.相同的树", "100.相同的树.vcxproj", "{96C16003-C9F3-424A-B4F2-251C4D9AAD12}"
EndProject
Global
	GlobalSection(SolutionConfigurationPlatforms) = preSolution
		Debug|x64 = Debug|x64
		Debug|x86 = Debug|x86
		Release|x64 = Release|x64
		Release|x86 = Release|x86
	EndGlobalSection
	GlobalSection(ProjectConfigurationPlatforms) = postSolution
		{96C16003-C9F3-424A-B4F2-251C4D9AAD12}.Debug|x64.ActiveCfg = Debug|x64
		{96C16003-C9F3-424A-B4F2-251C4D9AAD12}.Debug|x64.Build.0 = Debug|x64
		{96C16003-C9F3-424A-B4F2-251C4D9AAD12}.Debug|x86.ActiveCfg = Debug|Win32
		{96C16003-C9F3-424A-B4F2-251C4D9AAD12}.Debug|x86.Build.0 = Debug|Win32
		{96C16003-C9F3-424A-B4F2-251C4D9AAD12}.Release|x64.ActiveCfg = Release|x64
		{96C16003-C9F3-424A-B4F2-251C4D9AAD12}.Release|x64.Build.0 = Release|x64
		{96C16003-C9F3-424A-B4F2-251C4D9AAD12}.Release|x86.ActiveCfg = Release|Win32
		{96C16003-C9F3-424A-B4F2-251C4D9AAD12}.Release|x86.Build.0 = Release|Win32
	EndGlobalSection
	GlobalSection(SolutionProperties) = preSolution
		HideSolutionNode = FALSE
	EndGlobalSection
	GlobalSection(ExtensibilityGlobals) = postSolution
		SolutionGuid = {9766F217-73C0-4F7C-A720-FAB76179A154}
	EndGlobalSection
EndGlobal
